{
  "name": "skyfield",
  "version": "3.0.0",
  "lockfileVersion": 3,
  "requires": true,
  "packages": {
    "": {
      "name": "skyfield",
      "version": "3.0.0",
      "dependencies": {
        "pebble-clay": "^1.0.4"
      }
    },
    "node_modules/pebble-clay": {
      "version": "1.0.4",
      "resolved": "https://registry.npmjs.org/pebble-clay/-/pebble-clay-1.0.4.tgz",
      "integrity": "sha512-/rXxmltdW8JyohDzXINdea+d2wnFJVNFiTXfuZsKpySURZSCFMMucX9sZPZvbHnEA4xFINM4iicyhBbvY4ALfw==",
      "license": "MIT"
    }
  }
}
